// !$*UTF8*$!
{
	archiveVersion = 1;
	classes = {
	};
	objectVersion = 50;
	objects = {

/* Begin PBXBuildFile section */
		6906727D26C0404E00B5194F /* AppDelegate.swift in Sources */ = {isa = PBXBuildFile; fileRef = 6906727C26C0404E00B5194F /* AppDelegate.swift */; };
		6906727F26C0404E00B5194F /* SceneDelegate.swift in Sources */ = {isa = PBXBuildFile; fileRef = 6906727E26C0404E00B5194F /* SceneDelegate.swift */; };
		6906728126C0404E00B5194F /* ViewController.swift in Sources */ = {isa = PBXBuildFile; fileRef = 6906728026C0404E00B5194F /* ViewController.swift */; };
		6906728426C0404E00B5194F /* Main.storyboard in Resources */ = {isa = PBXBuildFile; fileRef = 6906728226C0404E00B5194F /* Main.storyboard */; };
		6906728626C0404F00B5194F /* Assets.xcassets in Resources */ = {isa = PBXBuildFile; fileRef = 6906728526C0404F00B5194F /* Assets.xcassets */; };
		6906728926C0404F00B5194F /* LaunchScreen.storyboard in Resources */ = {isa = PBXBuildFile; fileRef = 6906728726C0404F00B5194F /* LaunchScreen.storyboard */; };
		6906729426C0404F00B5194F /* table_view_implementationTests.swift in Sources */ = {isa = PBXBuildFile; fileRef = 6906729326C0404F00B5194F /* table_view_implementationTests.swift */; };
		6906729F26C0404F00B5194F /* table_view_implementationUITests.swift in Sources */ = {isa = PBXBuildFile; fileRef = 6906729E26C0404F00B5194F /* table_view_implementationUITests.swift */; };
		690672AD26C0489F00B5194F /* TableViewCell.swift in Sources */ = {isa = PBXBuildFile; fileRef = 690672AC26C0489F00B5194F /* TableViewCell.swift */; };
		690672AF26C050A000B5194F /* productsData.swift in Sources */ = {isa = PBXBuildFile; fileRef = 690672AE26C050A000B5194F /* productsData.swift */; };
/* End PBXBuildFile section */

/* Begin PBXContainerItemProxy section */
		6906729026C0404F00B5194F /* PBXContainerItemProxy */ = {
			isa = PBXContainerItemProxy;
			containerPortal = 6906727126C0404E00B5194F /* Project object */;
			proxyType = 1;
			remoteGlobalIDString = 6906727826C0404E00B5194F;
			remoteInfo = "table view implementation";
		};
		6906729B26C0404F00B5194F /* PBXContainerItemProxy */ = {
			isa = PBXContainerItemProxy;
			containerPortal = 6906727126C0404E00B5194F /* Project object */;
			proxyType = 1;
			remoteGlobalIDString = 6906727826C0404E00B5194F;
			remoteInfo = "table view implementation";
		};
/* End PBXContainerItemProxy section */

/* Begin PBXFileReference section */
		6906727926C0404E00B5194F /* table view implementation.app */ = {isa = PBXFileReference; explicitFileType = wrapper.application; includeInIndex = 0; path = "table view implementation.app"; sourceTree = BUILT_PRODUCTS_DIR; };
		6906727C26C0404E00B5194F /* AppDelegate.swift */ = {isa = PBXFileReference; lastKnownFileType = sourcecode.swift; path = AppDelegate.swift; sourceTree = "<group>"; };
		6906727E26C0404E00B5194F /* SceneDelegate.swift */ = {isa = PBXFileReference; lastKnownFileType = sourcecode.swift; path = SceneDelegate.swift; sourceTree = "<group>"; };
		6906728026C0404E00B5194F /* ViewController.swift */ = {isa = PBXFileReference; lastKnownFileType = sourcecode.swift; path = ViewController.swift; sourceTree = "<group>"; };
		6906728326C0404E00B5194F /* Base */ = {isa = PBXFileReference; lastKnownFileType = file.storyboard; name = Base; path = Base.lproj/Main.storyboard; sourceTree = "<group>"; };
		6906728526C0404F00B5194F /* Assets.xcassets */ = {isa = PBXFileReference; lastKnownFileType = folder.assetcatalog; path = Assets.xcassets; sourceTree = "<group>"; };
		6906728826C0404F00B5194F /* Base */ = {isa = PBXFileReference; lastKnownFileType = file.storyboard; name = Base; path = Base.lproj/LaunchScreen.storyboard; sourceTree = "<group>"; };
		6906728A26C0404F00B5194F /* Info.plist */ = {isa = PBXFileReference; lastKnownFileType = text.plist.xml; path = Info.plist; sourceTree = "<group>"; };
		6906728F26C0404F00B5194F /* table view implementationTests.xctest */ = {isa = PBXFileReference; explicitFileType = wrapper.cfbundle; includeInIndex = 0; path = "table view implementationTests.xctest"; sourceTree = BUILT_PRODUCTS_DIR; };
		6906729326C0404F00B5194F /* table_view_implementationTests.swift */ = {isa = PBXFileReference; lastKnownFileType = sourcecode.swift; path = table_view_implementationTests.swift; sourceTree = "<group>"; };
		6906729526C0404F00B5194F /* Info.plist */ = {isa = PBXFileReference; lastKnownFileType = text.plist.xml; path = Info.plist; sourceTree = "<group>"; };
		6906729A26C0404F00B5194F /* table view implementationUITests.xctest */ = {isa = PBXFileReference; explicitFileType = wrapper.cfbundle; includeInIndex = 0; path = "table view implementationUITests.xctest"; sourceTree = BUILT_PRODUCTS_DIR; };
		6906729E26C0404F00B5194F /* table_view_implementationUITests.swift */ = {isa = PBXFileReference; lastKnownFileType = sourcecode.swift; path = table_view_implementationUITests.swift; sourceTree = "<group>"; };
		690672A026C0404F00B5194F /* Info.plist */ = {isa = PBXFileReference; lastKnownFileType = text.plist.xml; path = Info.plist; sourceTree = "<group>"; };
		690672AC26C0489F00B5194F /* TableViewCell.swift */ = {isa = PBXFileReference; lastKnownFileType = sourcecode.swift; path = TableViewCell.swift; sourceTree = "<group>"; };
		690672AE26C050A000B5194F /* productsData.swift */ = {isa = PBXFileReference; lastKnownFileType = sourcecode.swift; path = productsData.swift; sourceTree = "<group>"; };
/* End PBXFileReference section */

/* Begin PBXFrameworksBuildPhase section */
		6906727626C0404E00B5194F /* Frameworks */ = {
			isa = PBXFrameworksBuildPhase;
			buildActionMask = 2147483647;
			files = (
			);
			runOnlyForDeploymentPostprocessing = 0;
		};
		6906728C26C0404F00B5194F /* Frameworks */ = {
			isa = PBXFrameworksBuildPhase;
			buildActionMask = 2147483647;
			files = (
			);
			runOnlyForDeploymentPostprocessing = 0;
		};
		6906729726C0404F00B5194F /* Frameworks */ = {
			isa = PBXFrameworksBuildPhase;
			buildActionMask = 2147483647;
			files = (
			);
			runOnlyForDeploymentPostprocessing = 0;
		};
/* End PBXFrameworksBuildPhase section */

/* Begin PBXGroup section */
		6906727026C0404E00B5194F = {
			isa = PBXGroup;
			children = (
				6906727B26C0404E00B5194F /* table view implementation */,
				6906729226C0404F00B5194F /* table view implementationTests */,
				6906729D26C0404F00B5194F /* table view implementationUITests */,
				6906727A26C0404E00B5194F /* Products */,
			);
			sourceTree = "<group>";
		};
		6906727A26C0404E00B5194F /* Products */ = {
			isa = PBXGroup;
			children = (
				6906727926C0404E00B5194F /* table view implementation.app */,
				6906728F26C0404F00B5194F /* table view implementationTests.xctest */,
				6906729A26C0404F00B5194F /* table view implementationUITests.xctest */,
			);
			name = Products;
			sourceTree = "<group>";
		};
		6906727B26C0404E00B5194F /* table view implementation */ = {
			isa = PBXGroup;
			children = (
				690672B226C052C400B5194F /* contrrol */,
				690672B126C052B100B5194F /* design */,
				690672B026C052A600B5194F /* data */,
				6906728526C0404F00B5194F /* Assets.xcassets */,
				6906728A26C0404F00B5194F /* Info.plist */,
			);
			path = "table view implementation";
			sourceTree = "<group>";
		};
		6906729226C0404F00B5194F /* table view implementationTests */ = {
			isa = PBXGroup;
			children = (
				6906729326C0404F00B5194F /* table_view_implementationTests.swift */,
				6906729526C0404F00B5194F /* Info.plist */,
			);
			path = "table view implementationTests";
			sourceTree = "<group>";
		};
		6906729D26C0404F00B5194F /* table view implementationUITests */ = {
			isa = PBXGroup;
			children = (
				6906729E26C0404F00B5194F /* table_view_implementationUITests.swift */,
				690672A026C0404F00B5194F /* Info.plist */,
			);
			path = "table view implementationUITests";
			sourceTree = "<group>";
		};
		690672B026C052A600B5194F /* data */ = {
			isa = PBXGroup;
			children = (
				690672AE26C050A000B5194F /* productsData.swift */,
			);
			path = data;
			sourceTree = "<group>";
		};
		690672B126C052B100B5194F /* design */ = {
			isa = PBXGroup;
			children = (
				6906728226C0404E00B5194F /* Main.storyboard */,
				6906728726C0404F00B5194F /* LaunchScreen.storyboard */,
			);
			path = design;
			sourceTree = "<group>";
		};
		690672B226C052C400B5194F /* contrrol */ = {
			isa = PBXGroup;
			children = (
				6906727C26C0404E00B5194F /* AppDelegate.swift */,
				6906727E26C0404E00B5194F /* SceneDelegate.swift */,
				6906728026C0404E00B5194F /* ViewController.swift */,
				690672AC26C0489F00B5194F /* TableViewCell.swift */,
			);
			path = contrrol;
			sourceTree = "<group>";
		};
/* End PBXGroup section */

/* Begin PBXNativeTarget section */
		6906727826C0404E00B5194F /* table view implementation */ = {
			isa = PBXNativeTarget;
			buildConfigurationList = 690672A326C0404F00B5194F /* Build configuration list for PBXNativeTarget "table view implementation" */;
			buildPhases = (
				6906727526C0404E00B5194F /* Sources */,
				6906727626C0404E00B5194F /* Frameworks */,
				6906727726C0404E00B5194F /* Resources */,
			);
			buildRules = (
			);
			dependencies = (
			);
			name = "table view implementation";
			productName = "table view implementation";
			productReference = 6906727926C0404E00B5194F /* table view implementation.app */;
			productType = "com.apple.product-type.application";
		};
		6906728E26C0404F00B5194F /* table view implementationTests */ = {
			isa = PBXNativeTarget;
			buildConfigurationList = 690672A626C0404F00B5194F /* Build configuration list for PBXNativeTarget "table view implementationTests" */;
			buildPhases = (
				6906728B26C0404F00B5194F /* Sources */,
				6906728C26C0404F00B5194F /* Frameworks */,
				6906728D26C0404F00B5194F /* Resources */,
			);
			buildRules = (
			);
			dependencies = (
				6906729126C0404F00B5194F /* PBXTargetDependency */,
			);
			name = "table view implementationTests";
			productName = "table view implementationTests";
			productReference = 6906728F26C0404F00B5194F /* table view implementationTests.xctest */;
			productType = "com.apple.product-type.bundle.unit-test";
		};
		6906729926C0404F00B5194F /* table view implementationUITests */ = {
			isa = PBXNativeTarget;
			buildConfigurationList = 690672A926C0404F00B5194F /* Build configuration list for PBXNativeTarget "table view implementationUITests" */;
			buildPhases = (
				6906729626C0404F00B5194F /* Sources */,
				6906729726C0404F00B5194F /* Frameworks */,
				6906729826C0404F00B5194F /* Resources */,
			);
			buildRules = (
			);
			dependencies = (
				6906729C26C0404F00B5194F /* PBXTargetDependency */,
			);
			name = "table view implementationUITests";
			productName = "table view implementationUITests";
			productReference = 6906729A26C0404F00B5194F /* table view implementationUITests.xctest */;
			productType = "com.apple.product-type.bundle.ui-testing";
		};
/* End PBXNativeTarget section */

/* Begin PBXProject section */
		6906727126C0404E00B5194F /* Project object */ = {
			isa = PBXProject;
			attributes = {
				LastSwiftUpdateCheck = 1250;
				LastUpgradeCheck = 1250;
				TargetAttributes = {
					6906727826C0404E00B5194F = {
						CreatedOnToolsVersion = 12.5.1;
					};
					6906728E26C0404F00B5194F = {
						CreatedOnToolsVersion = 12.5.1;
						TestTargetID = 6906727826C0404E00B5194F;
					};
					6906729926C0404F00B5194F = {
						CreatedOnToolsVersion = 12.5.1;
						TestTargetID = 6906727826C0404E00B5194F;
					};
				};
			};
			buildConfigurationList = 6906727426C0404E00B5194F /* Build configuration list for PBXProject "table view implementation" */;
			compatibilityVersion = "Xcode 9.3";
			developmentRegion = en;
			hasScannedForEncodings = 0;
			knownRegions = (
				en,
				Base,
			);
			mainGroup = 6906727026C0404E00B5194F;
			productRefGroup = 6906727A26C0404E00B5194F /* Products */;
			projectDirPath = "";
			projectRoot = "";
			targets = (
				6906727826C0404E00B5194F /* table view implementation */,
				6906728E26C0404F00B5194F /* table view implementationTests */,
				6906729926C0404F00B5194F /* table view implementationUITests */,
			);
		};
/* End PBXProject section */

/* Begin PBXResourcesBuildPhase section */
		6906727726C0404E00B5194F /* Resources */ = {
			isa = PBXResourcesBuildPhase;
			buildActionMask = 2147483647;
			files = (
				6906728926C0404F00B5194F /* LaunchScreen.storyboard in Resources */,
				6906728626C0404F00B5194F /* Assets.xcassets in Resources */,
				6906728426C0404E00B5194F /* Main.storyboard in Resources */,
			);
			runOnlyForDeploymentPostprocessing = 0;
		};
		6906728D26C0404F00B5194F /* Resources */ = {
			isa = PBXResourcesBuildPhase;
			buildActionMask = 2147483647;
			files = (
			);
			runOnlyForDeploymentPostprocessing = 0;
		};
		6906729826C0404F00B5194F /* Resources */ = {
			isa = PBXResourcesBuildPhase;
			buildActionMask = 2147483647;
			files = (
			);
			runOnlyForDeploymentPostprocessing = 0;
		};
/* End PBXResourcesBuildPhase section */

/* Begin PBXSourcesBuildPhase section */
		6906727526C0404E00B5194F /* Sources */ = {
			isa = PBXSourcesBuildPhase;
			buildActionMask = 2147483647;
			files = (
				6906728126C0404E00B5194F /* ViewController.swift in Sources */,
				690672AF26C050A000B5194F /* productsData.swift in Sources */,
				690672AD26C0489F00B5194F /* TableViewCell.swift in Sources */,
				6906727D26C0404E00B5194F /* AppDelegate.swift in Sources */,
				6906727F26C0404E00B5194F /* SceneDelegate.swift in Sources */,
			);
			runOnlyForDeploymentPostprocessing = 0;
		};
		6906728B26C0404F00B5194F /* Sources */ = {
			isa = PBXSourcesBuildPhase;
			buildActionMask = 2147483647;
			files = (
				6906729426C0404F00B5194F /* table_view_implementationTests.swift in Sources */,
			);
			runOnlyForDeploymentPostprocessing = 0;
		};
		6906729626C0404F00B5194F /* Sources */ = {
			isa = PBXSourcesBuildPhase;
			buildActionMask = 2147483647;
			files = (
				6906729F26C0404F00B5194F /* table_view_implementationUITests.swift in Sources */,
			);
			runOnlyForDeploymentPostprocessing = 0;
		};
/* End PBXSourcesBuildPhase section */

/* Begin PBXTargetDependency section */
		6906729126C0404F00B5194F /* PBXTargetDependency */ = {
			isa = PBXTargetDependency;
			target = 6906727826C0404E00B5194F /* table view implementation */;
			targetProxy = 6906729026C0404F00B5194F /* PBXContainerItemProxy */;
		};
		6906729C26C0404F00B5194F /* PBXTargetDependency */ = {
			isa = PBXTargetDependency;
			target = 6906727826C0404E00B5194F /* table view implementation */;
			targetProxy = 6906729B26C0404F00B5194F /* PBXContainerItemProxy */;
		};
/* End PBXTargetDependency section */

/* Begin PBXVariantGroup section */
		6906728226C0404E00B5194F /* Main.storyboard */ = {
			isa = PBXVariantGroup;
			children = (
				6906728326C0404E00B5194F /* Base */,
			);
			name = Main.storyboard;
			sourceTree = "<group>";
		};
		6906728726C0404F00B5194F /* LaunchScreen.storyboard */ = {
			isa = PBXVariantGroup;
			children = (
				6906728826C0404F00B5194F /* Base */,
			);
			name = LaunchScreen.storyboard;
			sourceTree = "<group>";
		};
/* End PBXVariantGroup section */

/* Begin XCBuildConfiguration section */
		690672A126C0404F00B5194F /* Debug */ = {
			isa = XCBuildConfiguration;
			buildSettings = {
				ALWAYS_SEARCH_USER_PATHS = NO;
				CLANG_ANALYZER_NONNULL = YES;
				CLANG_ANALYZER_NUMBER_OBJECT_CONVERSION = YES_AGGRESSIVE;
				CLANG_CXX_LANGUAGE_STANDARD = "gnu++14";
				CLANG_CXX_LIBRARY = "libc++";
				CLANG_ENABLE_MODULES = YES;
				CLANG_ENABLE_OBJC_ARC = YES;
				CLANG_ENABLE_OBJC_WEAK = YES;
				CLANG_WARN_BLOCK_CAPTURE_AUTORELEASING = YES;
				CLANG_WARN_BOOL_CONVERSION = YES;
				CLANG_WARN_COMMA = YES;
				CLANG_WARN_CONSTANT_CONVERSION = YES;
				CLANG_WARN_DEPRECATED_OBJC_IMPLEMENTATIONS = YES;
				CLANG_WARN_DIRECT_OBJC_ISA_USAGE = YES_ERROR;
				CLANG_WARN_DOCUMENTATION_COMMENTS = YES;
				CLANG_WARN_EMPTY_BODY = YES;
				CLANG_WARN_ENUM_CONVERSION = YES;
				CLANG_WARN_INFINITE_RECURSION = YES;
				CLANG_WARN_INT_CONVERSION = YES;
				CLANG_WARN_NON_LITERAL_NULL_CONVERSION = YES;
				CLANG_WARN_OBJC_IMPLICIT_RETAIN_SELF = YES;
				CLANG_WARN_OBJC_LITERAL_CONVERSION = YES;
				CLANG_WARN_OBJC_ROOT_CLASS = YES_ERROR;
				CLANG_WARN_QUOTED_INCLUDE_IN_FRAMEWORK_HEADER = YES;
				CLANG_WARN_RANGE_LOOP_ANALYSIS = YES;
				CLANG_WARN_STRICT_PROTOTYPES = YES;
				CLANG_WARN_SUSPICIOUS_MOVE = YES;
				CLANG_WARN_UNGUARDED_AVAILABILITY = YES_AGGRESSIVE;
				CLANG_WARN_UNREACHABLE_CODE = YES;
				CLANG_WARN__DUPLICATE_METHOD_MATCH = YES;
				COPY_PHASE_STRIP = NO;
				DEBUG_INFORMATION_FORMAT = dwarf;
				ENABLE_STRICT_OBJC_MSGSEND = YES;
				ENABLE_TESTABILITY = YES;
				GCC_C_LANGUAGE_STANDARD = gnu11;
				GCC_DYNAMIC_NO_PIC = NO;
				GCC_NO_COMMON_BLOCKS = YES;
				GCC_OPTIMIZATION_LEVEL = 0;
				GCC_PREPROCESSOR_DEFINITIONS = (
					"DEBUG=1",
					"$(inherited)",
				);
				GCC_WARN_64_TO_32_BIT_CONVERSION = YES;
				GCC_WARN_ABOUT_RETURN_TYPE = YES_ERROR;
				GCC_WARN_UNDECLARED_SELECTOR = YES;
				GCC_WARN_UNINITIALIZED_AUTOS = YES_AGGRESSIVE;
				GCC_WARN_UNUSED_FUNCTION = YES;
				GCC_WARN_UNUSED_VARIABLE = YES;
				IPHONEOS_DEPLOYMENT_TARGET = 14.5;
				MTL_ENABLE_DEBUG_INFO = INCLUDE_SOURCE;
				MTL_FAST_MATH = YES;
				ONLY_ACTIVE_ARCH = YES;
				SDKROOT = iphoneos;
				SWIFT_ACTIVE_COMPILATION_CONDITIONS = DEBUG;
				SWIFT_OPTIMIZATION_LEVEL = "-Onone";
			};
			name = Debug;
		};
		690672A226C0404F00B5194F /* Release */ = {
			isa = XCBuildConfiguration;
			buildSettings = {
				ALWAYS_SEARCH_USER_PATHS = NO;
				CLANG_ANALYZER_NONNULL = YES;
				CLANG_ANALYZER_NUMBER_OBJECT_CONVERSION = YES_AGGRESSIVE;
				CLANG_CXX_LANGUAGE_STANDARD = "gnu++14";
				CLANG_CXX_LIBRARY = "libc++";
				CLANG_ENABLE_MODULES = YES;
				CLANG_ENABLE_OBJC_ARC = YES;
				CLANG_ENABLE_OBJC_WEAK = YES;
				CLANG_WARN_BLOCK_CAPTURE_AUTORELEASING = YES;
				CLANG_WARN_BOOL_CONVERSION = YES;
				CLANG_WARN_COMMA = YES;
				CLANG_WARN_CONSTANT_CONVERSION = YES;
				CLANG_WARN_DEPRECATED_OBJC_IMPLEMENTATIONS = YES;
				CLANG_WARN_DIRECT_OBJC_ISA_USAGE = YES_ERROR;
				CLANG_WARN_DOCUMENTATION_COMMENTS = YES;
				CLANG_WARN_EMPTY_BODY = YES;
				CLANG_WARN_ENUM_CONVERSION = YES;
				CLANG_WARN_INFINITE_RECURSION = YES;
				CLANG_WARN_INT_CONVERSION = YES;
				CLANG_WARN_NON_LITERAL_NULL_CONVERSION = YES;
				CLANG_WARN_OBJC_IMPLICIT_RETAIN_SELF = YES;
				CLANG_WARN_OBJC_LITERAL_CONVERSION = YES;
				CLANG_WARN_OBJC_ROOT_CLASS = YES_ERROR;
				CLANG_WARN_QUOTED_INCLUDE_IN_FRAMEWORK_HEADER = YES;
				CLANG_WARN_RANGE_LOOP_ANALYSIS = YES;
				CLANG_WARN_STRICT_PROTOTYPES = YES;
				CLANG_WARN_SUSPICIOUS_MOVE = YES;
				CLANG_WARN_UNGUARDED_AVAILABILITY = YES_AGGRESSIVE;
				CLANG_WARN_UNREACHABLE_CODE = YES;
				CLANG_WARN__DUPLICATE_METHOD_MATCH = YES;
				COPY_PHASE_STRIP = NO;
				DEBUG_INFORMATION_FORMAT = "dwarf-with-dsym";
				ENABLE_NS_ASSERTIONS = NO;
				ENABLE_STRICT_OBJC_MSGSEND = YES;
				GCC_C_LANGUAGE_STANDARD = gnu11;
				GCC_NO_COMMON_BLOCKS = YES;
				GCC_WARN_64_TO_32_BIT_CONVERSION = YES;
				GCC_WARN_ABOUT_RETURN_TYPE = YES_ERROR;
				GCC_WARN_UNDECLARED_SELECTOR = YES;
				GCC_WARN_UNINITIALIZED_AUTOS = YES_AGGRESSIVE;
				GCC_WARN_UNUSED_FUNCTION = YES;
				GCC_WARN_UNUSED_VARIABLE = YES;
				IPHONEOS_DEPLOYMENT_TARGET = 14.5;
				MTL_ENABLE_DEBUG_INFO = NO;
				MTL_FAST_MATH = YES;
				SDKROOT = iphoneos;
				SWIFT_COMPILATION_MODE = wholemodule;
				SWIFT_OPTIMIZATION_LEVEL = "-O";
				VALIDATE_PRODUCT = YES;
			};
			name = Release;
		};
		690672A426C0404F00B5194F /* Debug */ = {
			isa = XCBuildConfiguration;
			buildSettings = {
				ASSETCATALOG_COMPILER_APPICON_NAME = AppIcon;
				ASSETCATALOG_COMPILER_GLOBAL_ACCENT_COLOR_NAME = AccentColor;
				CODE_SIGN_STYLE = Automatic;
				INFOPLIST_FILE = "table view implementation/Info.plist";
				LD_RUNPATH_SEARCH_PATHS = (
					"$(inherited)",
					"@executable_path/Frameworks",
				);
				PRODUCT_BUNDLE_IDENTIFIER = "diaa.table-view-implementation";
				PRODUCT_NAME = "$(TARGET_NAME)";
				SWIFT_VERSION = 5.0;
				TARGETED_DEVICE_FAMILY = "1,2";
			};
			name = Debug;
		};
		690672A526C0404F00B5194F /* Release */ = {
			isa = XCBuildConfiguration;
			buildSettings = {
				ASSETCATALOG_COMPILER_APPICON_NAME = AppIcon;
				ASSETCATALOG_COMPILER_GLOBAL_ACCENT_COLOR_NAME = AccentColor;
				CODE_SIGN_STYLE = Automatic;
				INFOPLIST_FILE = "table view implementation/Info.plist";
				LD_RUNPATH_SEARCH_PATHS = (
					"$(inherited)",
					"@executable_path/Frameworks",
				);
				PRODUCT_BUNDLE_IDENTIFIER = "diaa.table-view-implementation";
				PRODUCT_NAME = "$(TARGET_NAME)";
				SWIFT_VERSION = 5.0;
				TARGETED_DEVICE_FAMILY = "1,2";
			};
			name = Release;
		};
		690672A726C0404F00B5194F /* Debug */ = {
			isa = XCBuildConfiguration;
			buildSettings = {
				ALWAYS_EMBED_SWIFT_STANDARD_LIBRARIES = YES;
				BUNDLE_LOADER = "$(TEST_HOST)";
				CODE_SIGN_STYLE = Automatic;
				INFOPLIST_FILE = "table view implementationTests/Info.plist";
				IPHONEOS_DEPLOYMENT_TARGET = 14.5;
				LD_RUNPATH_SEARCH_PATHS = (
					"$(inherited)",
					"@executable_path/Frameworks",
					"@loader_path/Frameworks",
				);
				PRODUCT_BUNDLE_IDENTIFIER = "diaa.table-view-implementationTests";
				PRODUCT_NAME = "$(TARGET_NAME)";
				SWIFT_VERSION = 5.0;
				TARGETED_DEVICE_FAMILY = "1,2";
				TEST_HOST = "$(BUILT_PRODUCTS_DIR)/table view implementation.app/table view implementation";
			};
			name = Debug;
		};
		690672A826C0404F00B5194F /* Release */ = {
			isa = XCBuildConfiguration;
			buildSettings = {
				ALWAYS_EMBED_SWIFT_STANDARD_LIBRARIES = YES;
				BUNDLE_LOADER = "$(TEST_HOST)";
				CODE_SIGN_STYLE = Automatic;
				INFOPLIST_FILE = "table view implementationTests/Info.plist";
				IPHONEOS_DEPLOYMENT_TARGET = 14.5;
				LD_RUNPATH_SEARCH_PATHS = (
					"$(inherited)",
					"@executable_path/Frameworks",
					"@loader_path/Frameworks",
				);
				PRODUCT_BUNDLE_IDENTIFIER = "diaa.table-view-implementationTests";
				PRODUCT_NAME = "$(TARGET_NAME)";
				SWIFT_VERSION = 5.0;
				TARGETED_DEVICE_FAMILY = "1,2";
				TEST_HOST = "$(BUILT_PRODUCTS_DIR)/table view implementation.app/table view implementation";
			};
			name = Release;
		};
		690672AA26C0404F00B5194F /* Debug */ = {
			isa = XCBuildConfiguration;
			buildSettings = {
				ALWAYS_EMBED_SWIFT_STANDARD_LIBRARIES = YES;
				CODE_SIGN_STYLE = Automatic;
				INFOPLIST_FILE = "table view implementationUITests/Info.plist";
				LD_RUNPATH_SEARCH_PATHS = (
					"$(inherited)",
					"@executable_path/Frameworks",
					"@loader_path/Frameworks",
				);
				PRODUCT_BUNDLE_IDENTIFIER = "diaa.table-view-implementationUITests";
				PRODUCT_NAME = "$(TARGET_NAME)";
				SWIFT_VERSION = 5.0;
				TARGETED_DEVICE_FAMILY = "1,2";
				TEST_TARGET_NAME = "table view implementation";
			};
			name = Debug;
		};
		690672AB26C0404F00B5194F /* Release */ = {
			isa = XCBuildConfiguration;
			buildSettings = {
				ALWAYS_EMBED_SWIFT_STANDARD_LIBRARIES = YES;
				CODE_SIGN_STYLE = Automatic;
				INFOPLIST_FILE = "table view implementationUITests/Info.plist";
				LD_RUNPATH_SEARCH_PATHS = (
					"$(inherited)",
					"@executable_path/Frameworks",
					"@loader_path/Frameworks",
				);
				PRODUCT_BUNDLE_IDENTIFIER = "diaa.table-view-implementationUITests";
				PRODUCT_NAME = "$(TARGET_NAME)";
				SWIFT_VERSION = 5.0;
				TARGETED_DEVICE_FAMILY = "1,2";
				TEST_TARGET_NAME = "table view implementation";
			};
			name = Release;
		};
/* End XCBuildConfiguration section */

/* Begin XCConfigurationList section */
		6906727426C0404E00B5194F /* Build configuration list for PBXProject "table view implementation" */ = {
			isa = XCConfigurationList;
			buildConfigurations = (
				690672A126C0404F00B5194F /* Debug */,
				690672A226C0404F00B5194F /* Release */,
			);
			defaultConfigurationIsVisible = 0;
			defaultConfigurationName = Release;
		};
		690672A326C0404F00B5194F /* Build configuration list for PBXNativeTarget "table view implementation" */ = {
			isa = XCConfigurationList;
			buildConfigurations = (
				690672A426C0404F00B5194F /* Debug */,
				690672A526C0404F00B5194F /* Release */,
			);
			defaultConfigurationIsVisible = 0;
			defaultConfigurationName = Release;
		};
		690672A626C0404F00B5194F /* Build configuration list for PBXNativeTarget "table view implementationTests" */ = {
			isa = XCConfigurationList;
			buildConfigurations = (
				690672A726C0404F00B5194F /* Debug */,
				690672A826C0404F00B5194F /* Release */,
			);
			defaultConfigurationIsVisible = 0;
			defaultConfigurationName = Release;
		};
		690672A926C0404F00B5194F /* Build configuration list for PBXNativeTarget "table view implementationUITests" */ = {
			isa = XCConfigurationList;
			buildConfigurations = (
				690672AA26C0404F00B5194F /* Debug */,
				690672AB26C0404F00B5194F /* Release */,
			);
			defaultConfigurationIsVisible = 0;
			defaultConfigurationName = Release;
		};
/* End XCConfigurationList section */
	};
	rootObject = 6906727126C0404E00B5194F /* Project object */;
}
